
Microsoft Visual Studio Solution File, Format Version 12.00
# Visual Studio Version 17
VisualStudioVersion = 17.1.32228.430
MinimumVisualStudioVersion = 10.0.40219.1
Project("{FAE04EC0-301F-11D3-BF4B-00C04F79EFBC}") = "Lab8", "Lab8\Lab8.csproj", "{A86512F1-EC20-4E91-8F3C-E63C45118FE4}"
EndProject
Global
	GlobalSection(SolutionConfigurationPlatforms) = preSolution
		Debug|Any CPU = Debug|Any CPU
		Release|Any CPU = Release|Any CPU
	EndGlobalSection
	GlobalSection(ProjectConfigurationPlatforms) = postSolution
		{A86512F1-EC20-4E91-8F3C-E63C45118FE4}.Debug|Any CPU.ActiveCfg = Debug|Any CPU
		{A86512F1-EC20-4E91-8F3C-E63C45118FE4}.Debug|Any CPU.Build.0 = Debug|Any CPU
		{A86512F1-EC20-4E91-8F3C-E63C45118FE4}.Release|Any CPU.ActiveCfg = Release|Any CPU
		{A86512F1-EC20-4E91-8F3C-E63C45118FE4}.Release|Any CPU.Build.0 = Release|Any CPU
	EndGlobalSection
	GlobalSection(SolutionProperties) = preSolution
		HideSolutionNode = FALSE
	EndGlobalSection
	GlobalSection(ExtensibilityGlobals) = postSolution
		SolutionGuid = {CC5A49BF-D40C-4F80-89C1-415C328F723B}
	EndGlobalSection
EndGlobal
